
Microsoft Visual Studio Solution File, Format Version 12.00
# Visual Studio Version 17
VisualStudioVersion = 17.3.32929.385
MinimumVisualStudioVersion = 10.0.40219.1
Project("{FAE04EC0-301F-11D3-BF4B-00C04F79EFBC}") = "MatrixCRUDTech", "MatrixCRUDTech\MatrixCRUDTech.csproj", "{4388AD8C-0661-4F8E-A140-4B62115F1BE2}"
EndProject
Global
	GlobalSection(SolutionConfigurationPlatforms) = preSolution
		Debug|Any CPU = Debug|Any CPU
		Release|Any CPU = Release|Any CPU
	EndGlobalSection
	GlobalSection(ProjectConfigurationPlatforms) = postSolution
		{4388AD8C-0661-4F8E-A140-4B62115F1BE2}.Debug|Any CPU.ActiveCfg = Debug|Any CPU
		{4388AD8C-0661-4F8E-A140-4B62115F1BE2}.Debug|Any CPU.Build.0 = Debug|Any CPU
		{4388AD8C-0661-4F8E-A140-4B62115F1BE2}.Release|Any CPU.ActiveCfg = Release|Any CPU
		{4388AD8C-0661-4F8E-A140-4B62115F1BE2}.Release|Any CPU.Build.0 = Release|Any CPU
	EndGlobalSection
	GlobalSection(SolutionProperties) = preSolution
		HideSolutionNode = FALSE
	EndGlobalSection
	GlobalSection(ExtensibilityGlobals) = postSolution
		SolutionGuid = {35824803-33EC-4382-A570-44AC0C0D919E}
	EndGlobalSection
EndGlobal
